// !$*UTF8*$!
{
	archiveVersion = 1;
	classes = {
	};
	objectVersion = 56;
	objects = {

/* Begin PBXBuildFile section */
		E841E0402ACC179F00181C68 /* Memory_GameApp.swift in Sources */ = {isa = PBXBuildFile; fileRef = E841E03F2ACC179F00181C68 /* Memory_GameApp.swift */; };
		E841E0422ACC179F00181C68 /* ContentView.swift in Sources */ = {isa = PBXBuildFile; fileRef = E841E0412ACC179F00181C68 /* ContentView.swift */; };
		E841E0442ACC17A000181C68 /* Assets.xcassets in Resources */ = {isa = PBXBuildFile; fileRef = E841E0432ACC17A000181C68 /* Assets.xcassets */; };
		E841E0472ACC17A000181C68 /* Preview Assets.xcassets in Resources */ = {isa = PBXBuildFile; fileRef = E841E0462ACC17A000181C68 /* Preview Assets.xcassets */; };
		E841E04E2ACC181E00181C68 /* Treasure.swift in Sources */ = {isa = PBXBuildFile; fileRef = E841E04D2ACC181E00181C68 /* Treasure.swift */; };
		E841E0502ACC183F00181C68 /* Treasures.swift in Sources */ = {isa = PBXBuildFile; fileRef = E841E04F2ACC183F00181C68 /* Treasures.swift */; };
		E841E0522ACC185700181C68 /* Tile.swift in Sources */ = {isa = PBXBuildFile; fileRef = E841E0512ACC185700181C68 /* Tile.swift */; };
		E841E0542ACC186800181C68 /* Tiles.swift in Sources */ = {isa = PBXBuildFile; fileRef = E841E0532ACC186800181C68 /* Tiles.swift */; };
		E841E0562ACC189800181C68 /* StartView.swift in Sources */ = {isa = PBXBuildFile; fileRef = E841E0552ACC189800181C68 /* StartView.swift */; };
		E841E0582ACC18C500181C68 /* SettingsView.swift in Sources */ = {isa = PBXBuildFile; fileRef = E841E0572ACC18C500181C68 /* SettingsView.swift */; };
		E841E05A2ACC194100181C68 /* GameView.swift in Sources */ = {isa = PBXBuildFile; fileRef = E841E0592ACC194100181C68 /* GameView.swift */; };
/* End PBXBuildFile section */

/* Begin PBXFileReference section */
		E841E03C2ACC179F00181C68 /* Memory_Game.app */ = {isa = PBXFileReference; explicitFileType = wrapper.application; includeInIndex = 0; path = Memory_Game.app; sourceTree = BUILT_PRODUCTS_DIR; };
		E841E03F2ACC179F00181C68 /* Memory_GameApp.swift */ = {isa = PBXFileReference; lastKnownFileType = sourcecode.swift; path = Memory_GameApp.swift; sourceTree = "<group>"; };
		E841E0412ACC179F00181C68 /* ContentView.swift */ = {isa = PBXFileReference; lastKnownFileType = sourcecode.swift; path = ContentView.swift; sourceTree = "<group>"; };
		E841E0432ACC17A000181C68 /* Assets.xcassets */ = {isa = PBXFileReference; lastKnownFileType = folder.assetcatalog; path = Assets.xcassets; sourceTree = "<group>"; };
		E841E0462ACC17A000181C68 /* Preview Assets.xcassets */ = {isa = PBXFileReference; lastKnownFileType = folder.assetcatalog; path = "Preview Assets.xcassets"; sourceTree = "<group>"; };
		E841E04D2ACC181E00181C68 /* Treasure.swift */ = {isa = PBXFileReference; lastKnownFileType = sourcecode.swift; path = Treasure.swift; sourceTree = "<group>"; };
		E841E04F2ACC183F00181C68 /* Treasures.swift */ = {isa = PBXFileReference; lastKnownFileType = sourcecode.swift; path = Treasures.swift; sourceTree = "<group>"; };
		E841E0512ACC185700181C68 /* Tile.swift */ = {isa = PBXFileReference; lastKnownFileType = sourcecode.swift; path = Tile.swift; sourceTree = "<group>"; };
		E841E0532ACC186800181C68 /* Tiles.swift */ = {isa = PBXFileReference; lastKnownFileType = sourcecode.swift; path = Tiles.swift; sourceTree = "<group>"; };
		E841E0552ACC189800181C68 /* StartView.swift */ = {isa = PBXFileReference; lastKnownFileType = sourcecode.swift; path = StartView.swift; sourceTree = "<group>"; };
		E841E0572ACC18C500181C68 /* SettingsView.swift */ = {isa = PBXFileReference; lastKnownFileType = sourcecode.swift; path = SettingsView.swift; sourceTree = "<group>"; };
		E841E0592ACC194100181C68 /* GameView.swift */ = {isa = PBXFileReference; lastKnownFileType = sourcecode.swift; path = GameView.swift; sourceTree = "<group>"; };
/* End PBXFileReference section */

/* Begin PBXFrameworksBuildPhase section */
		E841E0392ACC179F00181C68 /* Frameworks */ = {
			isa = PBXFrameworksBuildPhase;
			buildActionMask = 2147483647;
			files = (
			);
			runOnlyForDeploymentPostprocessing = 0;
		};
/* End PBXFrameworksBuildPhase section */

/* Begin PBXGroup section */
		E841E0332ACC179E00181C68 = {
			isa = PBXGroup;
			children = (
				E841E03E2ACC179F00181C68 /* Memory_Game */,
				E841E03D2ACC179F00181C68 /* Products */,
			);
			sourceTree = "<group>";
		};
		E841E03D2ACC179F00181C68 /* Products */ = {
			isa = PBXGroup;
			children = (
				E841E03C2ACC179F00181C68 /* Memory_Game.app */,
			);
			name = Products;
			sourceTree = "<group>";
		};
		E841E03E2ACC179F00181C68 /* Memory_Game */ = {
			isa = PBXGroup;
			children = (
				E841E04D2ACC181E00181C68 /* Treasure.swift */,
				E841E04F2ACC183F00181C68 /* Treasures.swift */,
				E841E0512ACC185700181C68 /* Tile.swift */,
				E841E0532ACC186800181C68 /* Tiles.swift */,
				E841E0552ACC189800181C68 /* StartView.swift */,
				E841E0572ACC18C500181C68 /* SettingsView.swift */,
				E841E0592ACC194100181C68 /* GameView.swift */,
				E841E03F2ACC179F00181C68 /* Memory_GameApp.swift */,
				E841E0412ACC179F00181C68 /* ContentView.swift */,
				E841E0432ACC17A000181C68 /* Assets.xcassets */,
				E841E0452ACC17A000181C68 /* Preview Content */,
			);
			path = Memory_Game;
			sourceTree = "<group>";
		};
		E841E0452ACC17A000181C68 /* Preview Content */ = {
			isa = PBXGroup;
			children = (
				E841E0462ACC17A000181C68 /* Preview Assets.xcassets */,
			);
			path = "Preview Content";
			sourceTree = "<group>";
		};
/* End PBXGroup section */

/* Begin PBXNativeTarget section */
		E841E03B2ACC179F00181C68 /* Memory_Game */ = {
			isa = PBXNativeTarget;
			buildConfigurationList = E841E04A2ACC17A000181C68 /* Build configuration list for PBXNativeTarget "Memory_Game" */;
			buildPhases = (
				E841E0382ACC179F00181C68 /* Sources */,
				E841E0392ACC179F00181C68 /* Frameworks */,
				E841E03A2ACC179F00181C68 /* Resources */,
			);
			buildRules = (
			);
			dependencies = (
			);
			name = Memory_Game;
			productName = Memory_Game;
			productReference = E841E03C2ACC179F00181C68 /* Memory_Game.app */;
			productType = "com.apple.product-type.application";
		};
/* End PBXNativeTarget section */

/* Begin PBXProject section */
		E841E0342ACC179E00181C68 /* Project object */ = {
			isa = PBXProject;
			attributes = {
				BuildIndependentTargetsInParallel = 1;
				LastSwiftUpdateCheck = 1500;
				LastUpgradeCheck = 1500;
				TargetAttributes = {
					E841E03B2ACC179F00181C68 = {
						CreatedOnToolsVersion = 15.0;
					};
				};
			};
			buildConfigurationList = E841E0372ACC179F00181C68 /* Build configuration list for PBXProject "Memory_Game" */;
			compatibilityVersion = "Xcode 14.0";
			developmentRegion = en;
			hasScannedForEncodings = 0;
			knownRegions = (
				en,
				Base,
			);
			mainGroup = E841E0332ACC179E00181C68;
			productRefGroup = E841E03D2ACC179F00181C68 /* Products */;
			projectDirPath = "";
			projectRoot = "";
			targets = (
				E841E03B2ACC179F00181C68 /* Memory_Game */,
			);
		};
/* End PBXProject section */

/* Begin PBXResourcesBuildPhase section */
		E841E03A2ACC179F00181C68 /* Resources */ = {
			isa = PBXResourcesBuildPhase;
			buildActionMask = 2147483647;
			files = (
				E841E0472ACC17A000181C68 /* Preview Assets.xcassets in Resources */,
				E841E0442ACC17A000181C68 /* Assets.xcassets in Resources */,
			);
			runOnlyForDeploymentPostprocessing = 0;
		};
/* End PBXResourcesBuildPhase section */

/* Begin PBXSourcesBuildPhase section */
		E841E0382ACC179F00181C68 /* Sources */ = {
			isa = PBXSourcesBuildPhase;
			buildActionMask = 2147483647;
			files = (
				E841E0502ACC183F00181C68 /* Treasures.swift in Sources */,
				E841E0582ACC18C500181C68 /* SettingsView.swift in Sources */,
				E841E0422ACC179F00181C68 /* ContentView.swift in Sources */,
				E841E0522ACC185700181C68 /* Tile.swift in Sources */,
				E841E05A2ACC194100181C68 /* GameView.swift in Sources */,
				E841E0402ACC179F00181C68 /* Memory_GameApp.swift in Sources */,
				E841E04E2ACC181E00181C68 /* Treasure.swift in Sources */,
				E841E0542ACC186800181C68 /* Tiles.swift in Sources */,
				E841E0562ACC189800181C68 /* StartView.swift in Sources */,
			);
			runOnlyForDeploymentPostprocessing = 0;
		};
/* End PBXSourcesBuildPhase section */

/* Begin XCBuildConfiguration section */
		E841E0482ACC17A000181C68 /* Debug */ = {
			isa = XCBuildConfiguration;
			buildSettings = {
				ALWAYS_SEARCH_USER_PATHS = NO;
				ASSETCATALOG_COMPILER_GENERATE_SWIFT_ASSET_SYMBOL_EXTENSIONS = YES;
				CLANG_ANALYZER_NONNULL = YES;
				CLANG_ANALYZER_NUMBER_OBJECT_CONVERSION = YES_AGGRESSIVE;
				CLANG_CXX_LANGUAGE_STANDARD = "gnu++20";
				CLANG_ENABLE_MODULES = YES;
				CLANG_ENABLE_OBJC_ARC = YES;
				CLANG_ENABLE_OBJC_WEAK = YES;
				CLANG_WARN_BLOCK_CAPTURE_AUTORELEASING = YES;
				CLANG_WARN_BOOL_CONVERSION = YES;
				CLANG_WARN_COMMA = YES;
				CLANG_WARN_CONSTANT_CONVERSION = YES;
				CLANG_WARN_DEPRECATED_OBJC_IMPLEMENTATIONS = YES;
				CLANG_WARN_DIRECT_OBJC_ISA_USAGE = YES_ERROR;
				CLANG_WARN_DOCUMENTATION_COMMENTS = YES;
				CLANG_WARN_EMPTY_BODY = YES;
				CLANG_WARN_ENUM_CONVERSION = YES;
				CLANG_WARN_INFINITE_RECURSION = YES;
				CLANG_WARN_INT_CONVERSION = YES;
				CLANG_WARN_NON_LITERAL_NULL_CONVERSION = YES;
				CLANG_WARN_OBJC_IMPLICIT_RETAIN_SELF = YES;
				CLANG_WARN_OBJC_LITERAL_CONVERSION = YES;
				CLANG_WARN_OBJC_ROOT_CLASS = YES_ERROR;
				CLANG_WARN_QUOTED_INCLUDE_IN_FRAMEWORK_HEADER = YES;
				CLANG_WARN_RANGE_LOOP_ANALYSIS = YES;
				CLANG_WARN_STRICT_PROTOTYPES = YES;
				CLANG_WARN_SUSPICIOUS_MOVE = YES;
				CLANG_WARN_UNGUARDED_AVAILABILITY = YES_AGGRESSIVE;
				CLANG_WARN_UNREACHABLE_CODE = YES;
				CLANG_WARN__DUPLICATE_METHOD_MATCH = YES;
				COPY_PHASE_STRIP = NO;
				DEBUG_INFORMATION_FORMAT = dwarf;
				ENABLE_STRICT_OBJC_MSGSEND = YES;
				ENABLE_TESTABILITY = YES;
				ENABLE_USER_SCRIPT_SANDBOXING = YES;
				GCC_C_LANGUAGE_STANDARD = gnu17;
				GCC_DYNAMIC_NO_PIC = NO;
				GCC_NO_COMMON_BLOCKS = YES;
				GCC_OPTIMIZATION_LEVEL = 0;
				GCC_PREPROCESSOR_DEFINITIONS = (
					"DEBUG=1",
					"$(inherited)",
				);
				GCC_WARN_64_TO_32_BIT_CONVERSION = YES;
				GCC_WARN_ABOUT_RETURN_TYPE = YES_ERROR;
				GCC_WARN_UNDECLARED_SELECTOR = YES;
				GCC_WARN_UNINITIALIZED_AUTOS = YES_AGGRESSIVE;
				GCC_WARN_UNUSED_FUNCTION = YES;
				GCC_WARN_UNUSED_VARIABLE = YES;
				IPHONEOS_DEPLOYMENT_TARGET = 17.0;
				LOCALIZATION_PREFERS_STRING_CATALOGS = YES;
				MTL_ENABLE_DEBUG_INFO = INCLUDE_SOURCE;
				MTL_FAST_MATH = YES;
				ONLY_ACTIVE_ARCH = YES;
				SDKROOT = iphoneos;
				SWIFT_ACTIVE_COMPILATION_CONDITIONS = "DEBUG $(inherited)";
				SWIFT_OPTIMIZATION_LEVEL = "-Onone";
			};
			name = Debug;
		};
		E841E0492ACC17A000181C68 /* Release */ = {
			isa = XCBuildConfiguration;
			buildSettings = {
				ALWAYS_SEARCH_USER_PATHS = NO;
				ASSETCATALOG_COMPILER_GENERATE_SWIFT_ASSET_SYMBOL_EXTENSIONS = YES;
				CLANG_ANALYZER_NONNULL = YES;
				CLANG_ANALYZER_NUMBER_OBJECT_CONVERSION = YES_AGGRESSIVE;
				CLANG_CXX_LANGUAGE_STANDARD = "gnu++20";
				CLANG_ENABLE_MODULES = YES;
				CLANG_ENABLE_OBJC_ARC = YES;
				CLANG_ENABLE_OBJC_WEAK = YES;
				CLANG_WARN_BLOCK_CAPTURE_AUTORELEASING = YES;
				CLANG_WARN_BOOL_CONVERSION = YES;
				CLANG_WARN_COMMA = YES;
				CLANG_WARN_CONSTANT_CONVERSION = YES;
				CLANG_WARN_DEPRECATED_OBJC_IMPLEMENTATIONS = YES;
				CLANG_WARN_DIRECT_OBJC_ISA_USAGE = YES_ERROR;
				CLANG_WARN_DOCUMENTATION_COMMENTS = YES;
				CLANG_WARN_EMPTY_BODY = YES;
				CLANG_WARN_ENUM_CONVERSION = YES;
				CLANG_WARN_INFINITE_RECURSION = YES;
				CLANG_WARN_INT_CONVERSION = YES;
				CLANG_WARN_NON_LITERAL_NULL_CONVERSION = YES;
				CLANG_WARN_OBJC_IMPLICIT_RETAIN_SELF = YES;
				CLANG_WARN_OBJC_LITERAL_CONVERSION = YES;
				CLANG_WARN_OBJC_ROOT_CLASS = YES_ERROR;
				CLANG_WARN_QUOTED_INCLUDE_IN_FRAMEWORK_HEADER = YES;
				CLANG_WARN_RANGE_LOOP_ANALYSIS = YES;
				CLANG_WARN_STRICT_PROTOTYPES = YES;
				CLANG_WARN_SUSPICIOUS_MOVE = YES;
				CLANG_WARN_UNGUARDED_AVAILABILITY = YES_AGGRESSIVE;
				CLANG_WARN_UNREACHABLE_CODE = YES;
				CLANG_WARN__DUPLICATE_METHOD_MATCH = YES;
				COPY_PHASE_STRIP = NO;
				DEBUG_INFORMATION_FORMAT = "dwarf-with-dsym";
				ENABLE_NS_ASSERTIONS = NO;
				ENABLE_STRICT_OBJC_MSGSEND = YES;
				ENABLE_USER_SCRIPT_SANDBOXING = YES;
				GCC_C_LANGUAGE_STANDARD = gnu17;
				GCC_NO_COMMON_BLOCKS = YES;
				GCC_WARN_64_TO_32_BIT_CONVERSION = YES;
				GCC_WARN_ABOUT_RETURN_TYPE = YES_ERROR;
				GCC_WARN_UNDECLARED_SELECTOR = YES;
				GCC_WARN_UNINITIALIZED_AUTOS = YES_AGGRESSIVE;
				GCC_WARN_UNUSED_FUNCTION = YES;
				GCC_WARN_UNUSED_VARIABLE = YES;
				IPHONEOS_DEPLOYMENT_TARGET = 17.0;
				LOCALIZATION_PREFERS_STRING_CATALOGS = YES;
				MTL_ENABLE_DEBUG_INFO = NO;
				MTL_FAST_MATH = YES;
				SDKROOT = iphoneos;
				SWIFT_COMPILATION_MODE = wholemodule;
				VALIDATE_PRODUCT = YES;
			};
			name = Release;
		};
		E841E04B2ACC17A000181C68 /* Debug */ = {
			isa = XCBuildConfiguration;
			buildSettings = {
				ASSETCATALOG_COMPILER_APPICON_NAME = AppIcon;
				ASSETCATALOG_COMPILER_GLOBAL_ACCENT_COLOR_NAME = AccentColor;
				CODE_SIGN_STYLE = Automatic;
				CURRENT_PROJECT_VERSION = 1;
				DEVELOPMENT_ASSET_PATHS = "\"Memory_Game/Preview Content\"";
				ENABLE_PREVIEWS = YES;
				GENERATE_INFOPLIST_FILE = YES;
				INFOPLIST_KEY_UIApplicationSceneManifest_Generation = YES;
				INFOPLIST_KEY_UIApplicationSupportsIndirectInputEvents = YES;
				INFOPLIST_KEY_UILaunchScreen_Generation = YES;
				INFOPLIST_KEY_UISupportedInterfaceOrientations_iPad = "UIInterfaceOrientationPortrait UIInterfaceOrientationPortraitUpsideDown UIInterfaceOrientationLandscapeLeft UIInterfaceOrientationLandscapeRight";
				INFOPLIST_KEY_UISupportedInterfaceOrientations_iPhone = "UIInterfaceOrientationPortrait UIInterfaceOrientationLandscapeLeft UIInterfaceOrientationLandscapeRight";
				LD_RUNPATH_SEARCH_PATHS = (
					"$(inherited)",
					"@executable_path/Frameworks",
				);
				MARKETING_VERSION = 1.0;
				PRODUCT_BUNDLE_IDENTIFIER = "com.ErinCodes.Memory-Game";
				PRODUCT_NAME = "$(TARGET_NAME)";
				SWIFT_EMIT_LOC_STRINGS = YES;
				SWIFT_VERSION = 5.0;
				TARGETED_DEVICE_FAMILY = "1,2";
			};
			name = Debug;
		};
		E841E04C2ACC17A000181C68 /* Release */ = {
			isa = XCBuildConfiguration;
			buildSettings = {
				ASSETCATALOG_COMPILER_APPICON_NAME = AppIcon;
				ASSETCATALOG_COMPILER_GLOBAL_ACCENT_COLOR_NAME = AccentColor;
				CODE_SIGN_STYLE = Automatic;
				CURRENT_PROJECT_VERSION = 1;
				DEVELOPMENT_ASSET_PATHS = "\"Memory_Game/Preview Content\"";
				ENABLE_PREVIEWS = YES;
				GENERATE_INFOPLIST_FILE = YES;
				INFOPLIST_KEY_UIApplicationSceneManifest_Generation = YES;
				INFOPLIST_KEY_UIApplicationSupportsIndirectInputEvents = YES;
				INFOPLIST_KEY_UILaunchScreen_Generation = YES;
				INFOPLIST_KEY_UISupportedInterfaceOrientations_iPad = "UIInterfaceOrientationPortrait UIInterfaceOrientationPortraitUpsideDown UIInterfaceOrientationLandscapeLeft UIInterfaceOrientationLandscapeRight";
				INFOPLIST_KEY_UISupportedInterfaceOrientations_iPhone = "UIInterfaceOrientationPortrait UIInterfaceOrientationLandscapeLeft UIInterfaceOrientationLandscapeRight";
				LD_RUNPATH_SEARCH_PATHS = (
					"$(inherited)",
					"@executable_path/Frameworks",
				);
				MARKETING_VERSION = 1.0;
				PRODUCT_BUNDLE_IDENTIFIER = "com.ErinCodes.Memory-Game";
				PRODUCT_NAME = "$(TARGET_NAME)";
				SWIFT_EMIT_LOC_STRINGS = YES;
				SWIFT_VERSION = 5.0;
				TARGETED_DEVICE_FAMILY = "1,2";
			};
			name = Release;
		};
/* End XCBuildConfiguration section */

/* Begin XCConfigurationList section */
		E841E0372ACC179F00181C68 /* Build configuration list for PBXProject "Memory_Game" */ = {
			isa = XCConfigurationList;
			buildConfigurations = (
				E841E0482ACC17A000181C68 /* Debug */,
				E841E0492ACC17A000181C68 /* Release */,
			);
			defaultConfigurationIsVisible = 0;
			defaultConfigurationName = Release;
		};
		E841E04A2ACC17A000181C68 /* Build configuration list for PBXNativeTarget "Memory_Game" */ = {
			isa = XCConfigurationList;
			buildConfigurations = (
				E841E04B2ACC17A000181C68 /* Debug */,
				E841E04C2ACC17A000181C68 /* Release */,
			);
			defaultConfigurationIsVisible = 0;
			defaultConfigurationName = Release;
		};
/* End XCConfigurationList section */
	};
	rootObject = E841E0342ACC179E00181C68 /* Project object */;
}
